{
  "object": {
    "pins": [
      {
        "package": "Datable",
        "repositoryURL": "https://github.com/OperatorFoundation/Datable",
        "state": {
          "branch": null,
          "revision": "7387409895e3998d9169007df3fd4a37ad74cb4a",
          "version": "2.0.2"
        }
      },
      {
        "package": "swift-ast",
        "repositoryURL": "https://github.com/yanagiba/swift-ast",
        "state": {
          "branch": null,
          "revision": "e8507d78b32dbd33ea5ea975bbbc82b7613870a1",
          "version": "0.19.9"
        }
      }
    ]
  },
  "version": 1
}
