{
  "object": {
    "pins": [
      {
        "package": "Datable",
        "repositoryURL": "https://github.com/OperatorFoundation/Datable",
        "state": {
          "branch": null,
          "revision": "eccbedd3c89007691034b951a1fc0780e54701ea",
          "version": "1.1.1"
        }
      },
      {
        "package": "swift-ast",
        "repositoryURL": "https://github.com/yanagiba/swift-ast",
        "state": {
          "branch": null,
          "revision": "6656a3dde2e5876818a83c978292687e43620cd1",
          "version": "0.19.6"
        }
      }
    ]
  },
  "version": 1
}
